
Microsoft Visual Studio Solution File, Format Version 12.00
# Visual Studio 15
VisualStudioVersion = 15.0.28307.705
MinimumVisualStudioVersion = 10.0.40219.1
Project("{9A19103F-16F7-4668-BE54-9A1E7A4F7556}") = "MovieApp.WebAPI", "MovieApp.WebAPI\MovieApp.WebAPI.csproj", "{C50FA26E-C3EB-4F5D-A325-8BFF4A7E5442}"
EndProject
Project("{2150E333-8FDC-42A3-9474-1A3956D46DE8}") = "WebAPI", "WebAPI", "{8299FBBB-6FE9-4C9D-9DB0-91D063CC10E3}"
EndProject
Project("{2150E333-8FDC-42A3-9474-1A3956D46DE8}") = "Common", "Common", "{2CCD5926-1AED-4E4C-817A-DC05861473E5}"
EndProject
Project("{2150E333-8FDC-42A3-9474-1A3956D46DE8}") = "Database", "Database", "{DDD679D2-0787-4000-A76A-A8CED90049DB}"
EndProject
Project("{2150E333-8FDC-42A3-9474-1A3956D46DE8}") = "Domain", "Domain", "{B1C41DB8-8D29-459D-A2D0-D8F3E0A7F97C}"
EndProject
Project("{9A19103F-16F7-4668-BE54-9A1E7A4F7556}") = "MovieApp.Database", "MovieApp.Database\MovieApp.Database.csproj", "{BF8912C5-67B5-4EA3-A288-00844B10D24D}"
EndProject
Project("{9A19103F-16F7-4668-BE54-9A1E7A4F7556}") = "MovieApp.Entities", "MovieApp.Entities\MovieApp.Entities.csproj", "{E01133BD-E69D-4886-941B-A673CC60A6D2}"
EndProject
Project("{9A19103F-16F7-4668-BE54-9A1E7A4F7556}") = "MovieApp.Services", "MovieApp.Services\MovieApp.Services.csproj", "{E1DA88DD-C7AB-4096-8D86-A46592AD41D0}"
EndProject
Project("{9A19103F-16F7-4668-BE54-9A1E7A4F7556}") = "MovieApp.Models", "MovieApp.Models\MovieApp.Models.csproj", "{7B1336F7-8057-4338-99C4-4F0AEC229F0C}"
EndProject
Project("{9A19103F-16F7-4668-BE54-9A1E7A4F7556}") = "MovieApp.Repositories", "MovieApp.Repositories\MovieApp.Repositories.csproj", "{5A30D8C3-D903-4534-BC94-9261C26CE5D9}"
EndProject
Project("{9A19103F-16F7-4668-BE54-9A1E7A4F7556}") = "MovieApp.Core", "MovieApp.Core\MovieApp.Core.csproj", "{0F426C73-DC4A-433C-8FB2-00A5E26A7210}"
EndProject
Project("{FAE04EC0-301F-11D3-BF4B-00C04F79EFBC}") = "MovieApp.Mappings", "MovieApp.Mappings\MovieApp.Mappings.csproj", "{4BDD5CC1-E08A-4860-AD92-087144C3E906}"
EndProject
Global
	GlobalSection(SolutionConfigurationPlatforms) = preSolution
		Debug|Any CPU = Debug|Any CPU
		Release|Any CPU = Release|Any CPU
	EndGlobalSection
	GlobalSection(ProjectConfigurationPlatforms) = postSolution
		{C50FA26E-C3EB-4F5D-A325-8BFF4A7E5442}.Debug|Any CPU.ActiveCfg = Debug|Any CPU
		{C50FA26E-C3EB-4F5D-A325-8BFF4A7E5442}.Debug|Any CPU.Build.0 = Debug|Any CPU
		{C50FA26E-C3EB-4F5D-A325-8BFF4A7E5442}.Release|Any CPU.ActiveCfg = Release|Any CPU
		{C50FA26E-C3EB-4F5D-A325-8BFF4A7E5442}.Release|Any CPU.Build.0 = Release|Any CPU
		{BF8912C5-67B5-4EA3-A288-00844B10D24D}.Debug|Any CPU.ActiveCfg = Debug|Any CPU
		{BF8912C5-67B5-4EA3-A288-00844B10D24D}.Debug|Any CPU.Build.0 = Debug|Any CPU
		{BF8912C5-67B5-4EA3-A288-00844B10D24D}.Release|Any CPU.ActiveCfg = Release|Any CPU
		{BF8912C5-67B5-4EA3-A288-00844B10D24D}.Release|Any CPU.Build.0 = Release|Any CPU
		{E01133BD-E69D-4886-941B-A673CC60A6D2}.Debug|Any CPU.ActiveCfg = Debug|Any CPU
		{E01133BD-E69D-4886-941B-A673CC60A6D2}.Debug|Any CPU.Build.0 = Debug|Any CPU
		{E01133BD-E69D-4886-941B-A673CC60A6D2}.Release|Any CPU.ActiveCfg = Release|Any CPU
		{E01133BD-E69D-4886-941B-A673CC60A6D2}.Release|Any CPU.Build.0 = Release|Any CPU
		{E1DA88DD-C7AB-4096-8D86-A46592AD41D0}.Debug|Any CPU.ActiveCfg = Debug|Any CPU
		{E1DA88DD-C7AB-4096-8D86-A46592AD41D0}.Debug|Any CPU.Build.0 = Debug|Any CPU
		{E1DA88DD-C7AB-4096-8D86-A46592AD41D0}.Release|Any CPU.ActiveCfg = Release|Any CPU
		{E1DA88DD-C7AB-4096-8D86-A46592AD41D0}.Release|Any CPU.Build.0 = Release|Any CPU
		{7B1336F7-8057-4338-99C4-4F0AEC229F0C}.Debug|Any CPU.ActiveCfg = Debug|Any CPU
		{7B1336F7-8057-4338-99C4-4F0AEC229F0C}.Debug|Any CPU.Build.0 = Debug|Any CPU
		{7B1336F7-8057-4338-99C4-4F0AEC229F0C}.Release|Any CPU.ActiveCfg = Release|Any CPU
		{7B1336F7-8057-4338-99C4-4F0AEC229F0C}.Release|Any CPU.Build.0 = Release|Any CPU
		{5A30D8C3-D903-4534-BC94-9261C26CE5D9}.Debug|Any CPU.ActiveCfg = Debug|Any CPU
		{5A30D8C3-D903-4534-BC94-9261C26CE5D9}.Debug|Any CPU.Build.0 = Debug|Any CPU
		{5A30D8C3-D903-4534-BC94-9261C26CE5D9}.Release|Any CPU.ActiveCfg = Release|Any CPU
		{5A30D8C3-D903-4534-BC94-9261C26CE5D9}.Release|Any CPU.Build.0 = Release|Any CPU
		{0F426C73-DC4A-433C-8FB2-00A5E26A7210}.Debug|Any CPU.ActiveCfg = Debug|Any CPU
		{0F426C73-DC4A-433C-8FB2-00A5E26A7210}.Debug|Any CPU.Build.0 = Debug|Any CPU
		{0F426C73-DC4A-433C-8FB2-00A5E26A7210}.Release|Any CPU.ActiveCfg = Release|Any CPU
		{0F426C73-DC4A-433C-8FB2-00A5E26A7210}.Release|Any CPU.Build.0 = Release|Any CPU
		{4BDD5CC1-E08A-4860-AD92-087144C3E906}.Debug|Any CPU.ActiveCfg = Debug|Any CPU
		{4BDD5CC1-E08A-4860-AD92-087144C3E906}.Debug|Any CPU.Build.0 = Debug|Any CPU
		{4BDD5CC1-E08A-4860-AD92-087144C3E906}.Release|Any CPU.ActiveCfg = Release|Any CPU
		{4BDD5CC1-E08A-4860-AD92-087144C3E906}.Release|Any CPU.Build.0 = Release|Any CPU
	EndGlobalSection
	GlobalSection(SolutionProperties) = preSolution
		HideSolutionNode = FALSE
	EndGlobalSection
	GlobalSection(NestedProjects) = preSolution
		{C50FA26E-C3EB-4F5D-A325-8BFF4A7E5442} = {8299FBBB-6FE9-4C9D-9DB0-91D063CC10E3}
		{BF8912C5-67B5-4EA3-A288-00844B10D24D} = {DDD679D2-0787-4000-A76A-A8CED90049DB}
		{E01133BD-E69D-4886-941B-A673CC60A6D2} = {2CCD5926-1AED-4E4C-817A-DC05861473E5}
		{E1DA88DD-C7AB-4096-8D86-A46592AD41D0} = {B1C41DB8-8D29-459D-A2D0-D8F3E0A7F97C}
		{7B1336F7-8057-4338-99C4-4F0AEC229F0C} = {B1C41DB8-8D29-459D-A2D0-D8F3E0A7F97C}
		{5A30D8C3-D903-4534-BC94-9261C26CE5D9} = {B1C41DB8-8D29-459D-A2D0-D8F3E0A7F97C}
		{0F426C73-DC4A-433C-8FB2-00A5E26A7210} = {2CCD5926-1AED-4E4C-817A-DC05861473E5}
		{4BDD5CC1-E08A-4860-AD92-087144C3E906} = {B1C41DB8-8D29-459D-A2D0-D8F3E0A7F97C}
	EndGlobalSection
	GlobalSection(ExtensibilityGlobals) = postSolution
		SolutionGuid = {F5BB3FD7-6DA3-4C02-B32C-EA517C8C1574}
	EndGlobalSection
EndGlobal
